
Microsoft Visual Studio Solution File, Format Version 12.00
# Visual Studio Version 17
VisualStudioVersion = 17.0.32112.339
MinimumVisualStudioVersion = 10.0.40219.1
Project("{FAE04EC0-301F-11D3-BF4B-00C04F79EFBC}") = "PharmarcySystem", "PharmarcySystem.csproj", "{2FBFF6BE-6BB1-44CB-86FF-C8A465EEF3B1}"
EndProject
Global
	GlobalSection(SolutionConfigurationPlatforms) = preSolution
		Debug|Any CPU = Debug|Any CPU
		Release|Any CPU = Release|Any CPU
	EndGlobalSection
	GlobalSection(ProjectConfigurationPlatforms) = postSolution
		{2FBFF6BE-6BB1-44CB-86FF-C8A465EEF3B1}.Debug|Any CPU.ActiveCfg = Debug|Any CPU
		{2FBFF6BE-6BB1-44CB-86FF-C8A465EEF3B1}.Debug|Any CPU.Build.0 = Debug|Any CPU
		{2FBFF6BE-6BB1-44CB-86FF-C8A465EEF3B1}.Release|Any CPU.ActiveCfg = Release|Any CPU
		{2FBFF6BE-6BB1-44CB-86FF-C8A465EEF3B1}.Release|Any CPU.Build.0 = Release|Any CPU
	EndGlobalSection
	GlobalSection(SolutionProperties) = preSolution
		HideSolutionNode = FALSE
	EndGlobalSection
	GlobalSection(ExtensibilityGlobals) = postSolution
		SolutionGuid = {96D85E79-F87D-445D-9ABA-DD584FD00A14}
	EndGlobalSection
EndGlobal
